{
  "name": "nodes",
  "lockfileVersion": 2,
  "requires": true,
  "packages": {
    "": {
      "dependencies": {
        "@node-red/editor-client": "https://github.com/WeekendWarrior1/node-red/releases/download/3.0.1/node-red-editor-client-3.0.1.tgz"
      }
    },
    "node_modules/@node-red/editor-client": {
      "version": "3.0.1",
      "resolved": "https://github.com/WeekendWarrior1/node-red/releases/download/3.0.1/node-red-editor-client-3.0.1.tgz",
      "integrity": "sha512-PD+lZ5nhL/xmb3OCr/Q0RWv27KgfzJMM7q6+PibWicjD98cWCVDJr1FWUas1QC+ICzG5Lv3B6S5cGiWYIjWatg==",
      "license": "Apache-2.0"
    }
  },
  "dependencies": {
    "@node-red/editor-client": {
      "version": "https://github.com/WeekendWarrior1/node-red/releases/download/3.0.1/node-red-editor-client-3.0.1.tgz",
      "integrity": "sha512-PD+lZ5nhL/xmb3OCr/Q0RWv27KgfzJMM7q6+PibWicjD98cWCVDJr1FWUas1QC+ICzG5Lv3B6S5cGiWYIjWatg=="
    }
  }
}
